
Microsoft Visual Studio Solution File, Format Version 12.00
# Visual Studio Version 17
VisualStudioVersion = 17.0.32002.185
MinimumVisualStudioVersion = 10.0.40219.1
Project("{FAE04EC0-301F-11D3-BF4B-00C04F79EFBC}") = "ApiBP", "ApiBP\ApiBP.csproj", "{99273E70-D236-49DA-B773-57AC523787DF}"
EndProject
Global
	GlobalSection(SolutionConfigurationPlatforms) = preSolution
		Debug|Any CPU = Debug|Any CPU
		Release|Any CPU = Release|Any CPU
	EndGlobalSection
	GlobalSection(ProjectConfigurationPlatforms) = postSolution
		{99273E70-D236-49DA-B773-57AC523787DF}.Debug|Any CPU.ActiveCfg = Debug|Any CPU
		{99273E70-D236-49DA-B773-57AC523787DF}.Debug|Any CPU.Build.0 = Debug|Any CPU
		{99273E70-D236-49DA-B773-57AC523787DF}.Release|Any CPU.ActiveCfg = Release|Any CPU
		{99273E70-D236-49DA-B773-57AC523787DF}.Release|Any CPU.Build.0 = Release|Any CPU
	EndGlobalSection
	GlobalSection(SolutionProperties) = preSolution
		HideSolutionNode = FALSE
	EndGlobalSection
	GlobalSection(ExtensibilityGlobals) = postSolution
		SolutionGuid = {73A2BB2F-3252-42D4-84F2-1618A5F8C30A}
	EndGlobalSection
EndGlobal
